github.com/goburrow/serial v0.1.0 h1:v2T1SQa/dlUqQiYIT8+Cu7YolfqAi3K96UmhwYyuSrA=
github.com/goburrow/serial v0.1.0/go.mod h1:sAiqG0nRVswsm1C97xsttiYCzSLBmUZ/VSlVLZJ8haA=
github.com/thinkgos/timing/v4 v4.1.0 h1:A91sdbxRa2VGgqEnbi7BW3Atqnk9iG3b9AAzTyjEOJE=
github.com/thinkgos/timing/v4 v4.1.0/go.mod h1:UJHH/waV/JvqmHbK8phLp9w2EUgRVN6oDAlr8k+WAZY=
