github.com/goburrow/serial v0.1.0 h1:v2T1SQa/dlUqQiYIT8+Cu7YolfqAi3K96UmhwYyuSrA=
github.com/goburrow/serial v0.1.0/go.mod h1:sAiqG0nRVswsm1C97xsttiYCzSLBmUZ/VSlVLZJ8haA=
github.com/thinkgos/timing v1.1.2 h1:Gkpht/YViWFl/ADWy85VAQygaKcn8K8q/WLWcE5Rfag=
github.com/thinkgos/timing/v3 v3.0.0 h1:erRtS/UwCriz/YPodEJIHFbhe1xgyNLMefZayLQ9omM=
github.com/thinkgos/timing/v3 v3.0.0/go.mod h1:n5ZN2E7S3paqqnTY2gKAeepr535MPBNdg4bnlVvuPJk=
